// !$*UTF8*$!
{
	archiveVersion = 1;
	classes = {
	};
	objectVersion = 56;
	objects = {

/* Begin PBXBuildFile section */
		E0AF46C02BADA90100774659 /* AppDelegate.swift in Sources */ = {isa = PBXBuildFile; fileRef = E0AF46BF2BADA90100774659 /* AppDelegate.swift */; };
		E0AF46C22BADA90100774659 /* SceneDelegate.swift in Sources */ = {isa = PBXBuildFile; fileRef = E0AF46C12BADA90100774659 /* SceneDelegate.swift */; };
		E0AF46C42BADA90100774659 /* CalculatorController.swift in Sources */ = {isa = PBXBuildFile; fileRef = E0AF46C32BADA90100774659 /* CalculatorController.swift */; };
		E0AF46C72BADA90100774659 /* Main.storyboard in Resources */ = {isa = PBXBuildFile; fileRef = E0AF46C52BADA90100774659 /* Main.storyboard */; };
		E0AF46C92BADA90300774659 /* Assets.xcassets in Resources */ = {isa = PBXBuildFile; fileRef = E0AF46C82BADA90300774659 /* Assets.xcassets */; };
		E0AF46CC2BADA90300774659 /* LaunchScreen.storyboard in Resources */ = {isa = PBXBuildFile; fileRef = E0AF46CA2BADA90300774659 /* LaunchScreen.storyboard */; };
		E0AF46D72BADA90300774659 /* Calculato_hopeTests.swift in Sources */ = {isa = PBXBuildFile; fileRef = E0AF46D62BADA90300774659 /* Calculato_hopeTests.swift */; };
		E0AF46E12BADA90300774659 /* Calculato_hopeUITests.swift in Sources */ = {isa = PBXBuildFile; fileRef = E0AF46E02BADA90300774659 /* Calculato_hopeUITests.swift */; };
		E0AF46E32BADA90300774659 /* Calculato_hopeUITestsLaunchTests.swift in Sources */ = {isa = PBXBuildFile; fileRef = E0AF46E22BADA90300774659 /* Calculato_hopeUITestsLaunchTests.swift */; };
		E0C8A0722BC14FCF0004EA28 /* CalculatorBrain.swift in Sources */ = {isa = PBXBuildFile; fileRef = E0C8A0712BC14FCF0004EA28 /* CalculatorBrain.swift */; };
/* End PBXBuildFile section */

/* Begin PBXContainerItemProxy section */
		E0AF46D32BADA90300774659 /* PBXContainerItemProxy */ = {
			isa = PBXContainerItemProxy;
			containerPortal = E0AF46B42BADA90100774659 /* Project object */;
			proxyType = 1;
			remoteGlobalIDString = E0AF46BB2BADA90100774659;
			remoteInfo = Calculato_hope;
		};
		E0AF46DD2BADA90300774659 /* PBXContainerItemProxy */ = {
			isa = PBXContainerItemProxy;
			containerPortal = E0AF46B42BADA90100774659 /* Project object */;
			proxyType = 1;
			remoteGlobalIDString = E0AF46BB2BADA90100774659;
			remoteInfo = Calculato_hope;
		};
/* End PBXContainerItemProxy section */

/* Begin PBXFileReference section */
		E0AF46BC2BADA90100774659 /* Calculato_hope.app */ = {isa = PBXFileReference; explicitFileType = wrapper.application; includeInIndex = 0; path = Calculato_hope.app; sourceTree = BUILT_PRODUCTS_DIR; };
		E0AF46BF2BADA90100774659 /* AppDelegate.swift */ = {isa = PBXFileReference; lastKnownFileType = sourcecode.swift; path = AppDelegate.swift; sourceTree = "<group>"; };
		E0AF46C12BADA90100774659 /* SceneDelegate.swift */ = {isa = PBXFileReference; lastKnownFileType = sourcecode.swift; path = SceneDelegate.swift; sourceTree = "<group>"; };
		E0AF46C32BADA90100774659 /* CalculatorController.swift */ = {isa = PBXFileReference; lastKnownFileType = sourcecode.swift; path = CalculatorController.swift; sourceTree = "<group>"; };
		E0AF46C62BADA90100774659 /* Base */ = {isa = PBXFileReference; lastKnownFileType = file.storyboard; name = Base; path = Base.lproj/Main.storyboard; sourceTree = "<group>"; };
		E0AF46C82BADA90300774659 /* Assets.xcassets */ = {isa = PBXFileReference; lastKnownFileType = folder.assetcatalog; path = Assets.xcassets; sourceTree = "<group>"; };
		E0AF46CB2BADA90300774659 /* Base */ = {isa = PBXFileReference; lastKnownFileType = file.storyboard; name = Base; path = Base.lproj/LaunchScreen.storyboard; sourceTree = "<group>"; };
		E0AF46CD2BADA90300774659 /* Info.plist */ = {isa = PBXFileReference; lastKnownFileType = text.plist.xml; path = Info.plist; sourceTree = "<group>"; };
		E0AF46D22BADA90300774659 /* Calculato_hopeTests.xctest */ = {isa = PBXFileReference; explicitFileType = wrapper.cfbundle; includeInIndex = 0; path = Calculato_hopeTests.xctest; sourceTree = BUILT_PRODUCTS_DIR; };
		E0AF46D62BADA90300774659 /* Calculato_hopeTests.swift */ = {isa = PBXFileReference; lastKnownFileType = sourcecode.swift; path = Calculato_hopeTests.swift; sourceTree = "<group>"; };
		E0AF46DC2BADA90300774659 /* Calculato_hopeUITests.xctest */ = {isa = PBXFileReference; explicitFileType = wrapper.cfbundle; includeInIndex = 0; path = Calculato_hopeUITests.xctest; sourceTree = BUILT_PRODUCTS_DIR; };
		E0AF46E02BADA90300774659 /* Calculato_hopeUITests.swift */ = {isa = PBXFileReference; lastKnownFileType = sourcecode.swift; path = Calculato_hopeUITests.swift; sourceTree = "<group>"; };
		E0AF46E22BADA90300774659 /* Calculato_hopeUITestsLaunchTests.swift */ = {isa = PBXFileReference; lastKnownFileType = sourcecode.swift; path = Calculato_hopeUITestsLaunchTests.swift; sourceTree = "<group>"; };
		E0C8A0712BC14FCF0004EA28 /* CalculatorBrain.swift */ = {isa = PBXFileReference; lastKnownFileType = sourcecode.swift; path = CalculatorBrain.swift; sourceTree = "<group>"; };
/* End PBXFileReference section */

/* Begin PBXFrameworksBuildPhase section */
		E0AF46B92BADA90100774659 /* Frameworks */ = {
			isa = PBXFrameworksBuildPhase;
			buildActionMask = 2147483647;
			files = (
			);
			runOnlyForDeploymentPostprocessing = 0;
		};
		E0AF46CF2BADA90300774659 /* Frameworks */ = {
			isa = PBXFrameworksBuildPhase;
			buildActionMask = 2147483647;
			files = (
			);
			runOnlyForDeploymentPostprocessing = 0;
		};
		E0AF46D92BADA90300774659 /* Frameworks */ = {
			isa = PBXFrameworksBuildPhase;
			buildActionMask = 2147483647;
			files = (
			);
			runOnlyForDeploymentPostprocessing = 0;
		};
/* End PBXFrameworksBuildPhase section */

/* Begin PBXGroup section */
		E0AF46B32BADA90100774659 = {
			isa = PBXGroup;
			children = (
				E0AF46BE2BADA90100774659 /* Calculato_hope */,
				E0AF46D52BADA90300774659 /* Calculato_hopeTests */,
				E0AF46DF2BADA90300774659 /* Calculato_hopeUITests */,
				E0AF46BD2BADA90100774659 /* Products */,
			);
			sourceTree = "<group>";
		};
		E0AF46BD2BADA90100774659 /* Products */ = {
			isa = PBXGroup;
			children = (
				E0AF46BC2BADA90100774659 /* Calculato_hope.app */,
				E0AF46D22BADA90300774659 /* Calculato_hopeTests.xctest */,
				E0AF46DC2BADA90300774659 /* Calculato_hopeUITests.xctest */,
			);
			name = Products;
			sourceTree = "<group>";
		};
		E0AF46BE2BADA90100774659 /* Calculato_hope */ = {
			isa = PBXGroup;
			children = (
				E0C8A06D2BC14F2E0004EA28 /* Controller */,
				E0AF46CD2BADA90300774659 /* Info.plist */,
				E0AF46C52BADA90100774659 /* Main.storyboard */,
				E0C8A06C2BC14F170004EA28 /* Models */,
				E0C8A06B2BB75B730004EA28 /* SystemFiles */,
			);
			path = Calculato_hope;
			sourceTree = "<group>";
		};
		E0AF46D52BADA90300774659 /* Calculato_hopeTests */ = {
			isa = PBXGroup;
			children = (
				E0AF46D62BADA90300774659 /* Calculato_hopeTests.swift */,
			);
			path = Calculato_hopeTests;
			sourceTree = "<group>";
		};
		E0AF46DF2BADA90300774659 /* Calculato_hopeUITests */ = {
			isa = PBXGroup;
			children = (
				E0AF46E02BADA90300774659 /* Calculato_hopeUITests.swift */,
				E0AF46E22BADA90300774659 /* Calculato_hopeUITestsLaunchTests.swift */,
			);
			path = Calculato_hopeUITests;
			sourceTree = "<group>";
		};
		E0C8A06B2BB75B730004EA28 /* SystemFiles */ = {
			isa = PBXGroup;
			children = (
				E0AF46C82BADA90300774659 /* Assets.xcassets */,
				E0AF46CA2BADA90300774659 /* LaunchScreen.storyboard */,
				E0AF46BF2BADA90100774659 /* AppDelegate.swift */,
				E0AF46C12BADA90100774659 /* SceneDelegate.swift */,
			);
			path = SystemFiles;
			sourceTree = "<group>";
		};
		E0C8A06C2BC14F170004EA28 /* Models */ = {
			isa = PBXGroup;
			children = (
				E0C8A0712BC14FCF0004EA28 /* CalculatorBrain.swift */,
			);
			name = Models;
			sourceTree = "<group>";
		};
		E0C8A06D2BC14F2E0004EA28 /* Controller */ = {
			isa = PBXGroup;
			children = (
				E0AF46C32BADA90100774659 /* CalculatorController.swift */,
			);
			name = Controller;
			sourceTree = "<group>";
		};
/* End PBXGroup section */

/* Begin PBXNativeTarget section */
		E0AF46BB2BADA90100774659 /* Calculato_hope */ = {
			isa = PBXNativeTarget;
			buildConfigurationList = E0AF46E62BADA90300774659 /* Build configuration list for PBXNativeTarget "Calculato_hope" */;
			buildPhases = (
				E0AF46B82BADA90100774659 /* Sources */,
				E0AF46B92BADA90100774659 /* Frameworks */,
				E0AF46BA2BADA90100774659 /* Resources */,
			);
			buildRules = (
			);
			dependencies = (
			);
			name = Calculato_hope;
			productName = Calculato_hope;
			productReference = E0AF46BC2BADA90100774659 /* Calculato_hope.app */;
			productType = "com.apple.product-type.application";
		};
		E0AF46D12BADA90300774659 /* Calculato_hopeTests */ = {
			isa = PBXNativeTarget;
			buildConfigurationList = E0AF46E92BADA90300774659 /* Build configuration list for PBXNativeTarget "Calculato_hopeTests" */;
			buildPhases = (
				E0AF46CE2BADA90300774659 /* Sources */,
				E0AF46CF2BADA90300774659 /* Frameworks */,
				E0AF46D02BADA90300774659 /* Resources */,
			);
			buildRules = (
			);
			dependencies = (
				E0AF46D42BADA90300774659 /* PBXTargetDependency */,
			);
			name = Calculato_hopeTests;
			productName = Calculato_hopeTests;
			productReference = E0AF46D22BADA90300774659 /* Calculato_hopeTests.xctest */;
			productType = "com.apple.product-type.bundle.unit-test";
		};
		E0AF46DB2BADA90300774659 /* Calculato_hopeUITests */ = {
			isa = PBXNativeTarget;
			buildConfigurationList = E0AF46EC2BADA90300774659 /* Build configuration list for PBXNativeTarget "Calculato_hopeUITests" */;
			buildPhases = (
				E0AF46D82BADA90300774659 /* Sources */,
				E0AF46D92BADA90300774659 /* Frameworks */,
				E0AF46DA2BADA90300774659 /* Resources */,
			);
			buildRules = (
			);
			dependencies = (
				E0AF46DE2BADA90300774659 /* PBXTargetDependency */,
			);
			name = Calculato_hopeUITests;
			productName = Calculato_hopeUITests;
			productReference = E0AF46DC2BADA90300774659 /* Calculato_hopeUITests.xctest */;
			productType = "com.apple.product-type.bundle.ui-testing";
		};
/* End PBXNativeTarget section */

/* Begin PBXProject section */
		E0AF46B42BADA90100774659 /* Project object */ = {
			isa = PBXProject;
			attributes = {
				BuildIndependentTargetsInParallel = 1;
				LastSwiftUpdateCheck = 1430;
				LastUpgradeCheck = 1430;
				TargetAttributes = {
					E0AF46BB2BADA90100774659 = {
						CreatedOnToolsVersion = 14.3.1;
					};
					E0AF46D12BADA90300774659 = {
						CreatedOnToolsVersion = 14.3.1;
						TestTargetID = E0AF46BB2BADA90100774659;
					};
					E0AF46DB2BADA90300774659 = {
						CreatedOnToolsVersion = 14.3.1;
						TestTargetID = E0AF46BB2BADA90100774659;
					};
				};
			};
			buildConfigurationList = E0AF46B72BADA90100774659 /* Build configuration list for PBXProject "Calculato_hope" */;
			compatibilityVersion = "Xcode 14.0";
			developmentRegion = en;
			hasScannedForEncodings = 0;
			knownRegions = (
				en,
				Base,
			);
			mainGroup = E0AF46B32BADA90100774659;
			productRefGroup = E0AF46BD2BADA90100774659 /* Products */;
			projectDirPath = "";
			projectRoot = "";
			targets = (
				E0AF46BB2BADA90100774659 /* Calculato_hope */,
				E0AF46D12BADA90300774659 /* Calculato_hopeTests */,
				E0AF46DB2BADA90300774659 /* Calculato_hopeUITests */,
			);
		};
/* End PBXProject section */

/* Begin PBXResourcesBuildPhase section */
		E0AF46BA2BADA90100774659 /* Resources */ = {
			isa = PBXResourcesBuildPhase;
			buildActionMask = 2147483647;
			files = (
				E0AF46CC2BADA90300774659 /* LaunchScreen.storyboard in Resources */,
				E0AF46C92BADA90300774659 /* Assets.xcassets in Resources */,
				E0AF46C72BADA90100774659 /* Main.storyboard in Resources */,
			);
			runOnlyForDeploymentPostprocessing = 0;
		};
		E0AF46D02BADA90300774659 /* Resources */ = {
			isa = PBXResourcesBuildPhase;
			buildActionMask = 2147483647;
			files = (
			);
			runOnlyForDeploymentPostprocessing = 0;
		};
		E0AF46DA2BADA90300774659 /* Resources */ = {
			isa = PBXResourcesBuildPhase;
			buildActionMask = 2147483647;
			files = (
			);
			runOnlyForDeploymentPostprocessing = 0;
		};
/* End PBXResourcesBuildPhase section */

/* Begin PBXSourcesBuildPhase section */
		E0AF46B82BADA90100774659 /* Sources */ = {
			isa = PBXSourcesBuildPhase;
			buildActionMask = 2147483647;
			files = (
				E0AF46C42BADA90100774659 /* CalculatorController.swift in Sources */,
				E0AF46C02BADA90100774659 /* AppDelegate.swift in Sources */,
				E0C8A0722BC14FCF0004EA28 /* CalculatorBrain.swift in Sources */,
				E0AF46C22BADA90100774659 /* SceneDelegate.swift in Sources */,
			);
			runOnlyForDeploymentPostprocessing = 0;
		};
		E0AF46CE2BADA90300774659 /* Sources */ = {
			isa = PBXSourcesBuildPhase;
			buildActionMask = 2147483647;
			files = (
				E0AF46D72BADA90300774659 /* Calculato_hopeTests.swift in Sources */,
			);
			runOnlyForDeploymentPostprocessing = 0;
		};
		E0AF46D82BADA90300774659 /* Sources */ = {
			isa = PBXSourcesBuildPhase;
			buildActionMask = 2147483647;
			files = (
				E0AF46E12BADA90300774659 /* Calculato_hopeUITests.swift in Sources */,
				E0AF46E32BADA90300774659 /* Calculato_hopeUITestsLaunchTests.swift in Sources */,
			);
			runOnlyForDeploymentPostprocessing = 0;
		};
/* End PBXSourcesBuildPhase section */

/* Begin PBXTargetDependency section */
		E0AF46D42BADA90300774659 /* PBXTargetDependency */ = {
			isa = PBXTargetDependency;
			target = E0AF46BB2BADA90100774659 /* Calculato_hope */;
			targetProxy = E0AF46D32BADA90300774659 /* PBXContainerItemProxy */;
		};
		E0AF46DE2BADA90300774659 /* PBXTargetDependency */ = {
			isa = PBXTargetDependency;
			target = E0AF46BB2BADA90100774659 /* Calculato_hope */;
			targetProxy = E0AF46DD2BADA90300774659 /* PBXContainerItemProxy */;
		};
/* End PBXTargetDependency section */

/* Begin PBXVariantGroup section */
		E0AF46C52BADA90100774659 /* Main.storyboard */ = {
			isa = PBXVariantGroup;
			children = (
				E0AF46C62BADA90100774659 /* Base */,
			);
			name = Main.storyboard;
			sourceTree = "<group>";
		};
		E0AF46CA2BADA90300774659 /* LaunchScreen.storyboard */ = {
			isa = PBXVariantGroup;
			children = (
				E0AF46CB2BADA90300774659 /* Base */,
			);
			name = LaunchScreen.storyboard;
			sourceTree = "<group>";
		};
/* End PBXVariantGroup section */

/* Begin XCBuildConfiguration section */
		E0AF46E42BADA90300774659 /* Debug */ = {
			isa = XCBuildConfiguration;
			buildSettings = {
				ALWAYS_SEARCH_USER_PATHS = NO;
				CLANG_ANALYZER_NONNULL = YES;
				CLANG_ANALYZER_NUMBER_OBJECT_CONVERSION = YES_AGGRESSIVE;
				CLANG_CXX_LANGUAGE_STANDARD = "gnu++20";
				CLANG_ENABLE_MODULES = YES;
				CLANG_ENABLE_OBJC_ARC = YES;
				CLANG_ENABLE_OBJC_WEAK = YES;
				CLANG_WARN_BLOCK_CAPTURE_AUTORELEASING = YES;
				CLANG_WARN_BOOL_CONVERSION = YES;
				CLANG_WARN_COMMA = YES;
				CLANG_WARN_CONSTANT_CONVERSION = YES;
				CLANG_WARN_DEPRECATED_OBJC_IMPLEMENTATIONS = YES;
				CLANG_WARN_DIRECT_OBJC_ISA_USAGE = YES_ERROR;
				CLANG_WARN_DOCUMENTATION_COMMENTS = YES;
				CLANG_WARN_EMPTY_BODY = YES;
				CLANG_WARN_ENUM_CONVERSION = YES;
				CLANG_WARN_INFINITE_RECURSION = YES;
				CLANG_WARN_INT_CONVERSION = YES;
				CLANG_WARN_NON_LITERAL_NULL_CONVERSION = YES;
				CLANG_WARN_OBJC_IMPLICIT_RETAIN_SELF = YES;
				CLANG_WARN_OBJC_LITERAL_CONVERSION = YES;
				CLANG_WARN_OBJC_ROOT_CLASS = YES_ERROR;
				CLANG_WARN_QUOTED_INCLUDE_IN_FRAMEWORK_HEADER = YES;
				CLANG_WARN_RANGE_LOOP_ANALYSIS = YES;
				CLANG_WARN_STRICT_PROTOTYPES = YES;
				CLANG_WARN_SUSPICIOUS_MOVE = YES;
				CLANG_WARN_UNGUARDED_AVAILABILITY = YES_AGGRESSIVE;
				CLANG_WARN_UNREACHABLE_CODE = YES;
				CLANG_WARN__DUPLICATE_METHOD_MATCH = YES;
				COPY_PHASE_STRIP = NO;
				DEBUG_INFORMATION_FORMAT = dwarf;
				ENABLE_STRICT_OBJC_MSGSEND = YES;
				ENABLE_TESTABILITY = YES;
				GCC_C_LANGUAGE_STANDARD = gnu11;
				GCC_DYNAMIC_NO_PIC = NO;
				GCC_NO_COMMON_BLOCKS = YES;
				GCC_OPTIMIZATION_LEVEL = 0;
				GCC_PREPROCESSOR_DEFINITIONS = (
					"DEBUG=1",
					"$(inherited)",
				);
				GCC_WARN_64_TO_32_BIT_CONVERSION = YES;
				GCC_WARN_ABOUT_RETURN_TYPE = YES_ERROR;
				GCC_WARN_UNDECLARED_SELECTOR = YES;
				GCC_WARN_UNINITIALIZED_AUTOS = YES_AGGRESSIVE;
				GCC_WARN_UNUSED_FUNCTION = YES;
				GCC_WARN_UNUSED_VARIABLE = YES;
				IPHONEOS_DEPLOYMENT_TARGET = 16.4;
				MTL_ENABLE_DEBUG_INFO = INCLUDE_SOURCE;
				MTL_FAST_MATH = YES;
				ONLY_ACTIVE_ARCH = YES;
				SDKROOT = iphoneos;
				SWIFT_ACTIVE_COMPILATION_CONDITIONS = DEBUG;
				SWIFT_OPTIMIZATION_LEVEL = "-Onone";
			};
			name = Debug;
		};
		E0AF46E52BADA90300774659 /* Release */ = {
			isa = XCBuildConfiguration;
			buildSettings = {
				ALWAYS_SEARCH_USER_PATHS = NO;
				CLANG_ANALYZER_NONNULL = YES;
				CLANG_ANALYZER_NUMBER_OBJECT_CONVERSION = YES_AGGRESSIVE;
				CLANG_CXX_LANGUAGE_STANDARD = "gnu++20";
				CLANG_ENABLE_MODULES = YES;
				CLANG_ENABLE_OBJC_ARC = YES;
				CLANG_ENABLE_OBJC_WEAK = YES;
				CLANG_WARN_BLOCK_CAPTURE_AUTORELEASING = YES;
				CLANG_WARN_BOOL_CONVERSION = YES;
				CLANG_WARN_COMMA = YES;
				CLANG_WARN_CONSTANT_CONVERSION = YES;
				CLANG_WARN_DEPRECATED_OBJC_IMPLEMENTATIONS = YES;
				CLANG_WARN_DIRECT_OBJC_ISA_USAGE = YES_ERROR;
				CLANG_WARN_DOCUMENTATION_COMMENTS = YES;
				CLANG_WARN_EMPTY_BODY = YES;
				CLANG_WARN_ENUM_CONVERSION = YES;
				CLANG_WARN_INFINITE_RECURSION = YES;
				CLANG_WARN_INT_CONVERSION = YES;
				CLANG_WARN_NON_LITERAL_NULL_CONVERSION = YES;
				CLANG_WARN_OBJC_IMPLICIT_RETAIN_SELF = YES;
				CLANG_WARN_OBJC_LITERAL_CONVERSION = YES;
				CLANG_WARN_OBJC_ROOT_CLASS = YES_ERROR;
				CLANG_WARN_QUOTED_INCLUDE_IN_FRAMEWORK_HEADER = YES;
				CLANG_WARN_RANGE_LOOP_ANALYSIS = YES;
				CLANG_WARN_STRICT_PROTOTYPES = YES;
				CLANG_WARN_SUSPICIOUS_MOVE = YES;
				CLANG_WARN_UNGUARDED_AVAILABILITY = YES_AGGRESSIVE;
				CLANG_WARN_UNREACHABLE_CODE = YES;
				CLANG_WARN__DUPLICATE_METHOD_MATCH = YES;
				COPY_PHASE_STRIP = NO;
				DEBUG_INFORMATION_FORMAT = "dwarf-with-dsym";
				ENABLE_NS_ASSERTIONS = NO;
				ENABLE_STRICT_OBJC_MSGSEND = YES;
				GCC_C_LANGUAGE_STANDARD = gnu11;
				GCC_NO_COMMON_BLOCKS = YES;
				GCC_WARN_64_TO_32_BIT_CONVERSION = YES;
				GCC_WARN_ABOUT_RETURN_TYPE = YES_ERROR;
				GCC_WARN_UNDECLARED_SELECTOR = YES;
				GCC_WARN_UNINITIALIZED_AUTOS = YES_AGGRESSIVE;
				GCC_WARN_UNUSED_FUNCTION = YES;
				GCC_WARN_UNUSED_VARIABLE = YES;
				IPHONEOS_DEPLOYMENT_TARGET = 16.4;
				MTL_ENABLE_DEBUG_INFO = NO;
				MTL_FAST_MATH = YES;
				SDKROOT = iphoneos;
				SWIFT_COMPILATION_MODE = wholemodule;
				SWIFT_OPTIMIZATION_LEVEL = "-O";
				VALIDATE_PRODUCT = YES;
			};
			name = Release;
		};
		E0AF46E72BADA90300774659 /* Debug */ = {
			isa = XCBuildConfiguration;
			buildSettings = {
				ASSETCATALOG_COMPILER_APPICON_NAME = AppIcon;
				ASSETCATALOG_COMPILER_GLOBAL_ACCENT_COLOR_NAME = AccentColor;
				CODE_SIGN_STYLE = Automatic;
				CURRENT_PROJECT_VERSION = 1;
				GENERATE_INFOPLIST_FILE = YES;
				INFOPLIST_FILE = Calculato_hope/Info.plist;
				INFOPLIST_KEY_UIApplicationSupportsIndirectInputEvents = YES;
				INFOPLIST_KEY_UILaunchStoryboardName = LaunchScreen;
				INFOPLIST_KEY_UIMainStoryboardFile = Main;
				INFOPLIST_KEY_UISupportedInterfaceOrientations_iPad = "UIInterfaceOrientationPortrait UIInterfaceOrientationPortraitUpsideDown UIInterfaceOrientationLandscapeLeft UIInterfaceOrientationLandscapeRight";
				INFOPLIST_KEY_UISupportedInterfaceOrientations_iPhone = "UIInterfaceOrientationPortrait UIInterfaceOrientationLandscapeLeft UIInterfaceOrientationLandscapeRight";
				LD_RUNPATH_SEARCH_PATHS = (
					"$(inherited)",
					"@executable_path/Frameworks",
				);
				MARKETING_VERSION = 1.0;
				PRODUCT_BUNDLE_IDENTIFIER = "tdc.edu.vn.Calculato-hope";
				PRODUCT_NAME = "$(TARGET_NAME)";
				SWIFT_EMIT_LOC_STRINGS = YES;
				SWIFT_VERSION = 5.0;
				TARGETED_DEVICE_FAMILY = "1,2";
			};
			name = Debug;
		};
		E0AF46E82BADA90300774659 /* Release */ = {
			isa = XCBuildConfiguration;
			buildSettings = {
				ASSETCATALOG_COMPILER_APPICON_NAME = AppIcon;
				ASSETCATALOG_COMPILER_GLOBAL_ACCENT_COLOR_NAME = AccentColor;
				CODE_SIGN_STYLE = Automatic;
				CURRENT_PROJECT_VERSION = 1;
				GENERATE_INFOPLIST_FILE = YES;
				INFOPLIST_FILE = Calculato_hope/Info.plist;
				INFOPLIST_KEY_UIApplicationSupportsIndirectInputEvents = YES;
				INFOPLIST_KEY_UILaunchStoryboardName = LaunchScreen;
				INFOPLIST_KEY_UIMainStoryboardFile = Main;
				INFOPLIST_KEY_UISupportedInterfaceOrientations_iPad = "UIInterfaceOrientationPortrait UIInterfaceOrientationPortraitUpsideDown UIInterfaceOrientationLandscapeLeft UIInterfaceOrientationLandscapeRight";
				INFOPLIST_KEY_UISupportedInterfaceOrientations_iPhone = "UIInterfaceOrientationPortrait UIInterfaceOrientationLandscapeLeft UIInterfaceOrientationLandscapeRight";
				LD_RUNPATH_SEARCH_PATHS = (
					"$(inherited)",
					"@executable_path/Frameworks",
				);
				MARKETING_VERSION = 1.0;
				PRODUCT_BUNDLE_IDENTIFIER = "tdc.edu.vn.Calculato-hope";
				PRODUCT_NAME = "$(TARGET_NAME)";
				SWIFT_EMIT_LOC_STRINGS = YES;
				SWIFT_VERSION = 5.0;
				TARGETED_DEVICE_FAMILY = "1,2";
			};
			name = Release;
		};
		E0AF46EA2BADA90300774659 /* Debug */ = {
			isa = XCBuildConfiguration;
			buildSettings = {
				ALWAYS_EMBED_SWIFT_STANDARD_LIBRARIES = YES;
				BUNDLE_LOADER = "$(TEST_HOST)";
				CODE_SIGN_STYLE = Automatic;
				CURRENT_PROJECT_VERSION = 1;
				GENERATE_INFOPLIST_FILE = YES;
				IPHONEOS_DEPLOYMENT_TARGET = 16.4;
				MARKETING_VERSION = 1.0;
				PRODUCT_BUNDLE_IDENTIFIER = "tdc.edu.vn.Calculato-hopeTests";
				PRODUCT_NAME = "$(TARGET_NAME)";
				SWIFT_EMIT_LOC_STRINGS = NO;
				SWIFT_VERSION = 5.0;
				TARGETED_DEVICE_FAMILY = "1,2";
				TEST_HOST = "$(BUILT_PRODUCTS_DIR)/Calculato_hope.app/$(BUNDLE_EXECUTABLE_FOLDER_PATH)/Calculato_hope";
			};
			name = Debug;
		};
		E0AF46EB2BADA90300774659 /* Release */ = {
			isa = XCBuildConfiguration;
			buildSettings = {
				ALWAYS_EMBED_SWIFT_STANDARD_LIBRARIES = YES;
				BUNDLE_LOADER = "$(TEST_HOST)";
				CODE_SIGN_STYLE = Automatic;
				CURRENT_PROJECT_VERSION = 1;
				GENERATE_INFOPLIST_FILE = YES;
				IPHONEOS_DEPLOYMENT_TARGET = 16.4;
				MARKETING_VERSION = 1.0;
				PRODUCT_BUNDLE_IDENTIFIER = "tdc.edu.vn.Calculato-hopeTests";
				PRODUCT_NAME = "$(TARGET_NAME)";
				SWIFT_EMIT_LOC_STRINGS = NO;
				SWIFT_VERSION = 5.0;
				TARGETED_DEVICE_FAMILY = "1,2";
				TEST_HOST = "$(BUILT_PRODUCTS_DIR)/Calculato_hope.app/$(BUNDLE_EXECUTABLE_FOLDER_PATH)/Calculato_hope";
			};
			name = Release;
		};
		E0AF46ED2BADA90300774659 /* Debug */ = {
			isa = XCBuildConfiguration;
			buildSettings = {
				ALWAYS_EMBED_SWIFT_STANDARD_LIBRARIES = YES;
				CODE_SIGN_STYLE = Automatic;
				CURRENT_PROJECT_VERSION = 1;
				GENERATE_INFOPLIST_FILE = YES;
				MARKETING_VERSION = 1.0;
				PRODUCT_BUNDLE_IDENTIFIER = "tdc.edu.vn.Calculato-hopeUITests";
				PRODUCT_NAME = "$(TARGET_NAME)";
				SWIFT_EMIT_LOC_STRINGS = NO;
				SWIFT_VERSION = 5.0;
				TARGETED_DEVICE_FAMILY = "1,2";
				TEST_TARGET_NAME = Calculato_hope;
			};
			name = Debug;
		};
		E0AF46EE2BADA90300774659 /* Release */ = {
			isa = XCBuildConfiguration;
			buildSettings = {
				ALWAYS_EMBED_SWIFT_STANDARD_LIBRARIES = YES;
				CODE_SIGN_STYLE = Automatic;
				CURRENT_PROJECT_VERSION = 1;
				GENERATE_INFOPLIST_FILE = YES;
				MARKETING_VERSION = 1.0;
				PRODUCT_BUNDLE_IDENTIFIER = "tdc.edu.vn.Calculato-hopeUITests";
				PRODUCT_NAME = "$(TARGET_NAME)";
				SWIFT_EMIT_LOC_STRINGS = NO;
				SWIFT_VERSION = 5.0;
				TARGETED_DEVICE_FAMILY = "1,2";
				TEST_TARGET_NAME = Calculato_hope;
			};
			name = Release;
		};
/* End XCBuildConfiguration section */

/* Begin XCConfigurationList section */
		E0AF46B72BADA90100774659 /* Build configuration list for PBXProject "Calculato_hope" */ = {
			isa = XCConfigurationList;
			buildConfigurations = (
				E0AF46E42BADA90300774659 /* Debug */,
				E0AF46E52BADA90300774659 /* Release */,
			);
			defaultConfigurationIsVisible = 0;
			defaultConfigurationName = Release;
		};
		E0AF46E62BADA90300774659 /* Build configuration list for PBXNativeTarget "Calculato_hope" */ = {
			isa = XCConfigurationList;
			buildConfigurations = (
				E0AF46E72BADA90300774659 /* Debug */,
				E0AF46E82BADA90300774659 /* Release */,
			);
			defaultConfigurationIsVisible = 0;
			defaultConfigurationName = Release;
		};
		E0AF46E92BADA90300774659 /* Build configuration list for PBXNativeTarget "Calculato_hopeTests" */ = {
			isa = XCConfigurationList;
			buildConfigurations = (
				E0AF46EA2BADA90300774659 /* Debug */,
				E0AF46EB2BADA90300774659 /* Release */,
			);
			defaultConfigurationIsVisible = 0;
			defaultConfigurationName = Release;
		};
		E0AF46EC2BADA90300774659 /* Build configuration list for PBXNativeTarget "Calculato_hopeUITests" */ = {
			isa = XCConfigurationList;
			buildConfigurations = (
				E0AF46ED2BADA90300774659 /* Debug */,
				E0AF46EE2BADA90300774659 /* Release */,
			);
			defaultConfigurationIsVisible = 0;
			defaultConfigurationName = Release;
		};
/* End XCConfigurationList section */
	};
	rootObject = E0AF46B42BADA90100774659 /* Project object */;
}
